// !$*UTF8*$!
{
	archiveVersion = 1;
	classes = {
	};
	objectVersion = 54;
	objects = {

/* Begin PBXBuildFile section */
		A31A75A02A051F7A00256B62 /* CustomButton.swift in Sources */ = {isa = PBXBuildFile; fileRef = A31A759F2A051F7A00256B62 /* CustomButton.swift */; };
		A31A75A22A053B0F00256B62 /* WebViewerController.swift in Sources */ = {isa = PBXBuildFile; fileRef = A31A75A12A053B0F00256B62 /* WebViewerController.swift */; };
		A32A9F942A03CC0700D89FB3 /* AppDelegate.swift in Sources */ = {isa = PBXBuildFile; fileRef = A32A9F932A03CC0700D89FB3 /* AppDelegate.swift */; };
		A32A9F962A03CC0700D89FB3 /* SceneDelegate.swift in Sources */ = {isa = PBXBuildFile; fileRef = A32A9F952A03CC0700D89FB3 /* SceneDelegate.swift */; };
		A32A9F982A03CC0700D89FB3 /* ViewController.swift in Sources */ = {isa = PBXBuildFile; fileRef = A32A9F972A03CC0700D89FB3 /* ViewController.swift */; };
		A32A9F9E2A03CC0700D89FB3 /* Essential_Fitness.xcdatamodeld in Sources */ = {isa = PBXBuildFile; fileRef = A32A9F9C2A03CC0700D89FB3 /* Essential_Fitness.xcdatamodeld */; };
		A32A9FA02A03CC0B00D89FB3 /* Assets.xcassets in Resources */ = {isa = PBXBuildFile; fileRef = A32A9F9F2A03CC0B00D89FB3 /* Assets.xcassets */; };
		A32A9FA32A03CC0B00D89FB3 /* LaunchScreen.storyboard in Resources */ = {isa = PBXBuildFile; fileRef = A32A9FA12A03CC0B00D89FB3 /* LaunchScreen.storyboard */; };
		A32A9FAE2A03CC0B00D89FB3 /* Essential_FitnessTests.swift in Sources */ = {isa = PBXBuildFile; fileRef = A32A9FAD2A03CC0B00D89FB3 /* Essential_FitnessTests.swift */; };
		A32A9FB92A03CC0B00D89FB3 /* Essential_FitnessUITests.swift in Sources */ = {isa = PBXBuildFile; fileRef = A32A9FB82A03CC0B00D89FB3 /* Essential_FitnessUITests.swift */; };
		A32A9FC92A0409CE00D89FB3 /* ForgotPasswordViewController.swift in Sources */ = {isa = PBXBuildFile; fileRef = A32A9FC82A0409CE00D89FB3 /* ForgotPasswordViewController.swift */; };
		A32A9FCB2A0409F300D89FB3 /* LoginViewController.swift in Sources */ = {isa = PBXBuildFile; fileRef = A32A9FCA2A0409F300D89FB3 /* LoginViewController.swift */; };
		A32A9FCD2A040A1900D89FB3 /* RegisterViewController.swift in Sources */ = {isa = PBXBuildFile; fileRef = A32A9FCC2A040A1900D89FB3 /* RegisterViewController.swift */; };
		A32A9FCF2A040A3A00D89FB3 /* HomeViewController.swift in Sources */ = {isa = PBXBuildFile; fileRef = A32A9FCE2A040A3A00D89FB3 /* HomeViewController.swift */; };
		A331EB9C2A061A5C0023BCD3 /* GoogleService-Info.plist in Resources */ = {isa = PBXBuildFile; fileRef = A331EB9B2A061A5C0023BCD3 /* GoogleService-Info.plist */; };
		A331EB9F2A0622D70023BCD3 /* FirebaseAuth in Frameworks */ = {isa = PBXBuildFile; productRef = A331EB9E2A0622D70023BCD3 /* FirebaseAuth */; };
		A331EBA12A0622D70023BCD3 /* FirebaseFirestore in Frameworks */ = {isa = PBXBuildFile; productRef = A331EBA02A0622D70023BCD3 /* FirebaseFirestore */; };
		A331EBA32A0622D70023BCD3 /* FirebaseStorage in Frameworks */ = {isa = PBXBuildFile; productRef = A331EBA22A0622D70023BCD3 /* FirebaseStorage */; };
		A331EC2D2A04D71300709897 /* AuthHeaderView.swift in Sources */ = {isa = PBXBuildFile; fileRef = A331EC2C2A04D71300709897 /* AuthHeaderView.swift */; };
		A331EC2F2A04EDE000709897 /* CustomTextField.swift in Sources */ = {isa = PBXBuildFile; fileRef = A331EC2E2A04EDE000709897 /* CustomTextField.swift */; };
		A36F585E2A0652B100725029 /* AuthService.swift in Sources */ = {isa = PBXBuildFile; fileRef = A36F585D2A0652B100725029 /* AuthService.swift */; };
		A36F58612A06545800725029 /* RegiserUserRequest.swift in Sources */ = {isa = PBXBuildFile; fileRef = A36F58602A06545800725029 /* RegiserUserRequest.swift */; };
		A36F58632A065CC900725029 /* LoginUserRequest.swift in Sources */ = {isa = PBXBuildFile; fileRef = A36F58622A065CC900725029 /* LoginUserRequest.swift */; };
		A36F58652A06697200725029 /* Validator.swift in Sources */ = {isa = PBXBuildFile; fileRef = A36F58642A06697200725029 /* Validator.swift */; };
		A36F58672A067BD700725029 /* User.swift in Sources */ = {isa = PBXBuildFile; fileRef = A36F58662A067BD700725029 /* User.swift */; };
		A38F72DC2A0555DC006072CD /* AlertManager.swift in Sources */ = {isa = PBXBuildFile; fileRef = A38F72DB2A0555DC006072CD /* AlertManager.swift */; };
/* End PBXBuildFile section */

/* Begin PBXContainerItemProxy section */
		A32A9FAA2A03CC0B00D89FB3 /* PBXContainerItemProxy */ = {
			isa = PBXContainerItemProxy;
			containerPortal = A32A9F882A03CC0700D89FB3 /* Project object */;
			proxyType = 1;
			remoteGlobalIDString = A32A9F8F2A03CC0700D89FB3;
			remoteInfo = "Essential-Fitness";
		};
		A32A9FB52A03CC0B00D89FB3 /* PBXContainerItemProxy */ = {
			isa = PBXContainerItemProxy;
			containerPortal = A32A9F882A03CC0700D89FB3 /* Project object */;
			proxyType = 1;
			remoteGlobalIDString = A32A9F8F2A03CC0700D89FB3;
			remoteInfo = "Essential-Fitness";
		};
/* End PBXContainerItemProxy section */

/* Begin PBXFileReference section */
		A31A759F2A051F7A00256B62 /* CustomButton.swift */ = {isa = PBXFileReference; lastKnownFileType = sourcecode.swift; path = CustomButton.swift; sourceTree = "<group>"; };
		A31A75A12A053B0F00256B62 /* WebViewerController.swift */ = {isa = PBXFileReference; lastKnownFileType = sourcecode.swift; path = WebViewerController.swift; sourceTree = "<group>"; };
		A32A9F902A03CC0700D89FB3 /* Essential-Fitness.app */ = {isa = PBXFileReference; explicitFileType = wrapper.application; includeInIndex = 0; path = "Essential-Fitness.app"; sourceTree = BUILT_PRODUCTS_DIR; };
		A32A9F932A03CC0700D89FB3 /* AppDelegate.swift */ = {isa = PBXFileReference; lastKnownFileType = sourcecode.swift; path = AppDelegate.swift; sourceTree = "<group>"; };
		A32A9F952A03CC0700D89FB3 /* SceneDelegate.swift */ = {isa = PBXFileReference; lastKnownFileType = sourcecode.swift; path = SceneDelegate.swift; sourceTree = "<group>"; };
		A32A9F972A03CC0700D89FB3 /* ViewController.swift */ = {isa = PBXFileReference; lastKnownFileType = sourcecode.swift; path = ViewController.swift; sourceTree = "<group>"; };
		A32A9F9D2A03CC0700D89FB3 /* Essential_Fitness.xcdatamodel */ = {isa = PBXFileReference; lastKnownFileType = wrapper.xcdatamodel; path = Essential_Fitness.xcdatamodel; sourceTree = "<group>"; };
		A32A9F9F2A03CC0B00D89FB3 /* Assets.xcassets */ = {isa = PBXFileReference; lastKnownFileType = folder.assetcatalog; path = Assets.xcassets; sourceTree = "<group>"; };
		A32A9FA22A03CC0B00D89FB3 /* Base */ = {isa = PBXFileReference; lastKnownFileType = file.storyboard; name = Base; path = Base.lproj/LaunchScreen.storyboard; sourceTree = "<group>"; };
		A32A9FA42A03CC0B00D89FB3 /* Info.plist */ = {isa = PBXFileReference; lastKnownFileType = text.plist.xml; path = Info.plist; sourceTree = "<group>"; };
		A32A9FA92A03CC0B00D89FB3 /* Essential-FitnessTests.xctest */ = {isa = PBXFileReference; explicitFileType = wrapper.cfbundle; includeInIndex = 0; path = "Essential-FitnessTests.xctest"; sourceTree = BUILT_PRODUCTS_DIR; };
		A32A9FAD2A03CC0B00D89FB3 /* Essential_FitnessTests.swift */ = {isa = PBXFileReference; lastKnownFileType = sourcecode.swift; path = Essential_FitnessTests.swift; sourceTree = "<group>"; };
		A32A9FAF2A03CC0B00D89FB3 /* Info.plist */ = {isa = PBXFileReference; lastKnownFileType = text.plist.xml; path = Info.plist; sourceTree = "<group>"; };
		A32A9FB42A03CC0B00D89FB3 /* Essential-FitnessUITests.xctest */ = {isa = PBXFileReference; explicitFileType = wrapper.cfbundle; includeInIndex = 0; path = "Essential-FitnessUITests.xctest"; sourceTree = BUILT_PRODUCTS_DIR; };
		A32A9FB82A03CC0B00D89FB3 /* Essential_FitnessUITests.swift */ = {isa = PBXFileReference; lastKnownFileType = sourcecode.swift; path = Essential_FitnessUITests.swift; sourceTree = "<group>"; };
		A32A9FBA2A03CC0B00D89FB3 /* Info.plist */ = {isa = PBXFileReference; lastKnownFileType = text.plist.xml; path = Info.plist; sourceTree = "<group>"; };
		A32A9FC82A0409CE00D89FB3 /* ForgotPasswordViewController.swift */ = {isa = PBXFileReference; lastKnownFileType = sourcecode.swift; path = ForgotPasswordViewController.swift; sourceTree = "<group>"; };
		A32A9FCA2A0409F300D89FB3 /* LoginViewController.swift */ = {isa = PBXFileReference; lastKnownFileType = sourcecode.swift; path = LoginViewController.swift; sourceTree = "<group>"; };
		A32A9FCC2A040A1900D89FB3 /* RegisterViewController.swift */ = {isa = PBXFileReference; lastKnownFileType = sourcecode.swift; path = RegisterViewController.swift; sourceTree = "<group>"; };
		A32A9FCE2A040A3A00D89FB3 /* HomeViewController.swift */ = {isa = PBXFileReference; lastKnownFileType = sourcecode.swift; path = HomeViewController.swift; sourceTree = "<group>"; };
		A331EB9B2A061A5C0023BCD3 /* GoogleService-Info.plist */ = {isa = PBXFileReference; fileEncoding = 4; lastKnownFileType = text.plist.xml; path = "GoogleService-Info.plist"; sourceTree = "<group>"; };
		A331EC2C2A04D71300709897 /* AuthHeaderView.swift */ = {isa = PBXFileReference; lastKnownFileType = sourcecode.swift; path = AuthHeaderView.swift; sourceTree = "<group>"; };
		A331EC2E2A04EDE000709897 /* CustomTextField.swift */ = {isa = PBXFileReference; lastKnownFileType = sourcecode.swift; path = CustomTextField.swift; sourceTree = "<group>"; };
		A36F585D2A0652B100725029 /* AuthService.swift */ = {isa = PBXFileReference; lastKnownFileType = sourcecode.swift; path = AuthService.swift; sourceTree = "<group>"; };
		A36F58602A06545800725029 /* RegiserUserRequest.swift */ = {isa = PBXFileReference; lastKnownFileType = sourcecode.swift; path = RegiserUserRequest.swift; sourceTree = "<group>"; };
		A36F58622A065CC900725029 /* LoginUserRequest.swift */ = {isa = PBXFileReference; lastKnownFileType = sourcecode.swift; path = LoginUserRequest.swift; sourceTree = "<group>"; };
		A36F58642A06697200725029 /* Validator.swift */ = {isa = PBXFileReference; lastKnownFileType = sourcecode.swift; path = Validator.swift; sourceTree = "<group>"; };
		A36F58662A067BD700725029 /* User.swift */ = {isa = PBXFileReference; lastKnownFileType = sourcecode.swift; path = User.swift; sourceTree = "<group>"; };
		A38F72DB2A0555DC006072CD /* AlertManager.swift */ = {isa = PBXFileReference; lastKnownFileType = sourcecode.swift; path = AlertManager.swift; sourceTree = "<group>"; };
/* End PBXFileReference section */

/* Begin PBXFrameworksBuildPhase section */
		A32A9F8D2A03CC0700D89FB3 /* Frameworks */ = {
			isa = PBXFrameworksBuildPhase;
			buildActionMask = 2147483647;
			files = (
				A331EB9F2A0622D70023BCD3 /* FirebaseAuth in Frameworks */,
				A331EBA12A0622D70023BCD3 /* FirebaseFirestore in Frameworks */,
				A331EBA32A0622D70023BCD3 /* FirebaseStorage in Frameworks */,
			);
			runOnlyForDeploymentPostprocessing = 0;
		};
		A32A9FA62A03CC0B00D89FB3 /* Frameworks */ = {
			isa = PBXFrameworksBuildPhase;
			buildActionMask = 2147483647;
			files = (
			);
			runOnlyForDeploymentPostprocessing = 0;
		};
		A32A9FB12A03CC0B00D89FB3 /* Frameworks */ = {
			isa = PBXFrameworksBuildPhase;
			buildActionMask = 2147483647;
			files = (
			);
			runOnlyForDeploymentPostprocessing = 0;
		};
/* End PBXFrameworksBuildPhase section */

/* Begin PBXGroup section */
		A32A9F872A03CC0700D89FB3 = {
			isa = PBXGroup;
			children = (
				A32A9F922A03CC0700D89FB3 /* Essential-Fitness */,
				A32A9FAC2A03CC0B00D89FB3 /* Essential-FitnessTests */,
				A32A9FB72A03CC0B00D89FB3 /* Essential-FitnessUITests */,
				A32A9F912A03CC0700D89FB3 /* Products */,
			);
			sourceTree = "<group>";
		};
		A32A9F912A03CC0700D89FB3 /* Products */ = {
			isa = PBXGroup;
			children = (
				A32A9F902A03CC0700D89FB3 /* Essential-Fitness.app */,
				A32A9FA92A03CC0B00D89FB3 /* Essential-FitnessTests.xctest */,
				A32A9FB42A03CC0B00D89FB3 /* Essential-FitnessUITests.xctest */,
			);
			name = Products;
			sourceTree = "<group>";
		};
		A32A9F922A03CC0700D89FB3 /* Essential-Fitness */ = {
			isa = PBXGroup;
			children = (
				A36F585F2A06542800725029 /* Models */,
				A38F72DA2A055577006072CD /* Managers */,
				A32A9FD02A040A7400D89FB3 /* Views */,
				A32A9FC72A03E13B00D89FB3 /* Controllers */,
				A32A9FC62A03E12500D89FB3 /* Resources */,
				A32A9F9F2A03CC0B00D89FB3 /* Assets.xcassets */,
				A32A9FA12A03CC0B00D89FB3 /* LaunchScreen.storyboard */,
				A32A9FA42A03CC0B00D89FB3 /* Info.plist */,
				A32A9F9C2A03CC0700D89FB3 /* Essential_Fitness.xcdatamodeld */,
			);
			path = "Essential-Fitness";
			sourceTree = "<group>";
		};
		A32A9FAC2A03CC0B00D89FB3 /* Essential-FitnessTests */ = {
			isa = PBXGroup;
			children = (
				A32A9FAD2A03CC0B00D89FB3 /* Essential_FitnessTests.swift */,
				A32A9FAF2A03CC0B00D89FB3 /* Info.plist */,
			);
			path = "Essential-FitnessTests";
			sourceTree = "<group>";
		};
		A32A9FB72A03CC0B00D89FB3 /* Essential-FitnessUITests */ = {
			isa = PBXGroup;
			children = (
				A32A9FB82A03CC0B00D89FB3 /* Essential_FitnessUITests.swift */,
				A32A9FBA2A03CC0B00D89FB3 /* Info.plist */,
			);
			path = "Essential-FitnessUITests";
			sourceTree = "<group>";
		};
		A32A9FC62A03E12500D89FB3 /* Resources */ = {
			isa = PBXGroup;
			children = (
				A32A9F952A03CC0700D89FB3 /* SceneDelegate.swift */,
				A32A9F932A03CC0700D89FB3 /* AppDelegate.swift */,
				A331EB9B2A061A5C0023BCD3 /* GoogleService-Info.plist */,
			);
			path = Resources;
			sourceTree = "<group>";
		};
		A32A9FC72A03E13B00D89FB3 /* Controllers */ = {
			isa = PBXGroup;
			children = (
				A32A9F972A03CC0700D89FB3 /* ViewController.swift */,
				A32A9FC82A0409CE00D89FB3 /* ForgotPasswordViewController.swift */,
				A32A9FCA2A0409F300D89FB3 /* LoginViewController.swift */,
				A32A9FCC2A040A1900D89FB3 /* RegisterViewController.swift */,
				A32A9FCE2A040A3A00D89FB3 /* HomeViewController.swift */,
				A31A75A12A053B0F00256B62 /* WebViewerController.swift */,
			);
			path = Controllers;
			sourceTree = "<group>";
		};
		A32A9FD02A040A7400D89FB3 /* Views */ = {
			isa = PBXGroup;
			children = (
				A331EC2C2A04D71300709897 /* AuthHeaderView.swift */,
				A331EC2E2A04EDE000709897 /* CustomTextField.swift */,
				A31A759F2A051F7A00256B62 /* CustomButton.swift */,
			);
			path = Views;
			sourceTree = "<group>";
		};
		A36F585F2A06542800725029 /* Models */ = {
			isa = PBXGroup;
			children = (
				A36F58602A06545800725029 /* RegiserUserRequest.swift */,
				A36F58622A065CC900725029 /* LoginUserRequest.swift */,
				A36F58662A067BD700725029 /* User.swift */,
			);
			path = Models;
			sourceTree = "<group>";
		};
		A38F72DA2A055577006072CD /* Managers */ = {
			isa = PBXGroup;
			children = (
				A38F72DB2A0555DC006072CD /* AlertManager.swift */,
				A36F585D2A0652B100725029 /* AuthService.swift */,
				A36F58642A06697200725029 /* Validator.swift */,
			);
			path = Managers;
			sourceTree = "<group>";
		};
/* End PBXGroup section */

/* Begin PBXNativeTarget section */
		A32A9F8F2A03CC0700D89FB3 /* Essential-Fitness */ = {
			isa = PBXNativeTarget;
			buildConfigurationList = A32A9FBD2A03CC0B00D89FB3 /* Build configuration list for PBXNativeTarget "Essential-Fitness" */;
			buildPhases = (
				A32A9F8C2A03CC0700D89FB3 /* Sources */,
				A32A9F8D2A03CC0700D89FB3 /* Frameworks */,
				A32A9F8E2A03CC0700D89FB3 /* Resources */,
			);
			buildRules = (
			);
			dependencies = (
			);
			name = "Essential-Fitness";
			packageProductDependencies = (
				A331EB9E2A0622D70023BCD3 /* FirebaseAuth */,
				A331EBA02A0622D70023BCD3 /* FirebaseFirestore */,
				A331EBA22A0622D70023BCD3 /* FirebaseStorage */,
			);
			productName = "Essential-Fitness";
			productReference = A32A9F902A03CC0700D89FB3 /* Essential-Fitness.app */;
			productType = "com.apple.product-type.application";
		};
		A32A9FA82A03CC0B00D89FB3 /* Essential-FitnessTests */ = {
			isa = PBXNativeTarget;
			buildConfigurationList = A32A9FC02A03CC0B00D89FB3 /* Build configuration list for PBXNativeTarget "Essential-FitnessTests" */;
			buildPhases = (
				A32A9FA52A03CC0B00D89FB3 /* Sources */,
				A32A9FA62A03CC0B00D89FB3 /* Frameworks */,
				A32A9FA72A03CC0B00D89FB3 /* Resources */,
			);
			buildRules = (
			);
			dependencies = (
				A32A9FAB2A03CC0B00D89FB3 /* PBXTargetDependency */,
			);
			name = "Essential-FitnessTests";
			productName = "Essential-FitnessTests";
			productReference = A32A9FA92A03CC0B00D89FB3 /* Essential-FitnessTests.xctest */;
			productType = "com.apple.product-type.bundle.unit-test";
		};
		A32A9FB32A03CC0B00D89FB3 /* Essential-FitnessUITests */ = {
			isa = PBXNativeTarget;
			buildConfigurationList = A32A9FC32A03CC0B00D89FB3 /* Build configuration list for PBXNativeTarget "Essential-FitnessUITests" */;
			buildPhases = (
				A32A9FB02A03CC0B00D89FB3 /* Sources */,
				A32A9FB12A03CC0B00D89FB3 /* Frameworks */,
				A32A9FB22A03CC0B00D89FB3 /* Resources */,
			);
			buildRules = (
			);
			dependencies = (
				A32A9FB62A03CC0B00D89FB3 /* PBXTargetDependency */,
			);
			name = "Essential-FitnessUITests";
			productName = "Essential-FitnessUITests";
			productReference = A32A9FB42A03CC0B00D89FB3 /* Essential-FitnessUITests.xctest */;
			productType = "com.apple.product-type.bundle.ui-testing";
		};
/* End PBXNativeTarget section */

/* Begin PBXProject section */
		A32A9F882A03CC0700D89FB3 /* Project object */ = {
			isa = PBXProject;
			attributes = {
				LastSwiftUpdateCheck = 1250;
				LastUpgradeCheck = 1250;
				TargetAttributes = {
					A32A9F8F2A03CC0700D89FB3 = {
						CreatedOnToolsVersion = 12.5;
					};
					A32A9FA82A03CC0B00D89FB3 = {
						CreatedOnToolsVersion = 12.5;
						TestTargetID = A32A9F8F2A03CC0700D89FB3;
					};
					A32A9FB32A03CC0B00D89FB3 = {
						CreatedOnToolsVersion = 12.5;
						TestTargetID = A32A9F8F2A03CC0700D89FB3;
					};
				};
			};
			buildConfigurationList = A32A9F8B2A03CC0700D89FB3 /* Build configuration list for PBXProject "Essential-Fitness" */;
			compatibilityVersion = "Xcode 12.0";
			developmentRegion = en;
			hasScannedForEncodings = 0;
			knownRegions = (
				en,
				Base,
			);
			mainGroup = A32A9F872A03CC0700D89FB3;
			packageReferences = (
				A331EB9D2A0622D70023BCD3 /* XCRemoteSwiftPackageReference "firebase-ios-sdk" */,
			);
			productRefGroup = A32A9F912A03CC0700D89FB3 /* Products */;
			projectDirPath = "";
			projectRoot = "";
			targets = (
				A32A9F8F2A03CC0700D89FB3 /* Essential-Fitness */,
				A32A9FA82A03CC0B00D89FB3 /* Essential-FitnessTests */,
				A32A9FB32A03CC0B00D89FB3 /* Essential-FitnessUITests */,
			);
		};
/* End PBXProject section */

/* Begin PBXResourcesBuildPhase section */
		A32A9F8E2A03CC0700D89FB3 /* Resources */ = {
			isa = PBXResourcesBuildPhase;
			buildActionMask = 2147483647;
			files = (
				A32A9FA32A03CC0B00D89FB3 /* LaunchScreen.storyboard in Resources */,
				A32A9FA02A03CC0B00D89FB3 /* Assets.xcassets in Resources */,
				A331EB9C2A061A5C0023BCD3 /* GoogleService-Info.plist in Resources */,
			);
			runOnlyForDeploymentPostprocessing = 0;
		};
		A32A9FA72A03CC0B00D89FB3 /* Resources */ = {
			isa = PBXResourcesBuildPhase;
			buildActionMask = 2147483647;
			files = (
			);
			runOnlyForDeploymentPostprocessing = 0;
		};
		A32A9FB22A03CC0B00D89FB3 /* Resources */ = {
			isa = PBXResourcesBuildPhase;
			buildActionMask = 2147483647;
			files = (
			);
			runOnlyForDeploymentPostprocessing = 0;
		};
/* End PBXResourcesBuildPhase section */

/* Begin PBXSourcesBuildPhase section */
		A32A9F8C2A03CC0700D89FB3 /* Sources */ = {
			isa = PBXSourcesBuildPhase;
			buildActionMask = 2147483647;
			files = (
				A32A9FCB2A0409F300D89FB3 /* LoginViewController.swift in Sources */,
				A32A9F982A03CC0700D89FB3 /* ViewController.swift in Sources */,
				A36F58632A065CC900725029 /* LoginUserRequest.swift in Sources */,
				A32A9FCD2A040A1900D89FB3 /* RegisterViewController.swift in Sources */,
				A32A9FCF2A040A3A00D89FB3 /* HomeViewController.swift in Sources */,
				A31A75A22A053B0F00256B62 /* WebViewerController.swift in Sources */,
				A38F72DC2A0555DC006072CD /* AlertManager.swift in Sources */,
				A331EC2F2A04EDE000709897 /* CustomTextField.swift in Sources */,
				A331EC2D2A04D71300709897 /* AuthHeaderView.swift in Sources */,
				A32A9FC92A0409CE00D89FB3 /* ForgotPasswordViewController.swift in Sources */,
				A31A75A02A051F7A00256B62 /* CustomButton.swift in Sources */,
				A32A9F9E2A03CC0700D89FB3 /* Essential_Fitness.xcdatamodeld in Sources */,
				A36F58652A06697200725029 /* Validator.swift in Sources */,
				A36F58612A06545800725029 /* RegiserUserRequest.swift in Sources */,
				A36F58672A067BD700725029 /* User.swift in Sources */,
				A32A9F942A03CC0700D89FB3 /* AppDelegate.swift in Sources */,
				A32A9F962A03CC0700D89FB3 /* SceneDelegate.swift in Sources */,
				A36F585E2A0652B100725029 /* AuthService.swift in Sources */,
			);
			runOnlyForDeploymentPostprocessing = 0;
		};
		A32A9FA52A03CC0B00D89FB3 /* Sources */ = {
			isa = PBXSourcesBuildPhase;
			buildActionMask = 2147483647;
			files = (
				A32A9FAE2A03CC0B00D89FB3 /* Essential_FitnessTests.swift in Sources */,
			);
			runOnlyForDeploymentPostprocessing = 0;
		};
		A32A9FB02A03CC0B00D89FB3 /* Sources */ = {
			isa = PBXSourcesBuildPhase;
			buildActionMask = 2147483647;
			files = (
				A32A9FB92A03CC0B00D89FB3 /* Essential_FitnessUITests.swift in Sources */,
			);
			runOnlyForDeploymentPostprocessing = 0;
		};
/* End PBXSourcesBuildPhase section */

/* Begin PBXTargetDependency section */
		A32A9FAB2A03CC0B00D89FB3 /* PBXTargetDependency */ = {
			isa = PBXTargetDependency;
			target = A32A9F8F2A03CC0700D89FB3 /* Essential-Fitness */;
			targetProxy = A32A9FAA2A03CC0B00D89FB3 /* PBXContainerItemProxy */;
		};
		A32A9FB62A03CC0B00D89FB3 /* PBXTargetDependency */ = {
			isa = PBXTargetDependency;
			target = A32A9F8F2A03CC0700D89FB3 /* Essential-Fitness */;
			targetProxy = A32A9FB52A03CC0B00D89FB3 /* PBXContainerItemProxy */;
		};
/* End PBXTargetDependency section */

/* Begin PBXVariantGroup section */
		A32A9FA12A03CC0B00D89FB3 /* LaunchScreen.storyboard */ = {
			isa = PBXVariantGroup;
			children = (
				A32A9FA22A03CC0B00D89FB3 /* Base */,
			);
			name = LaunchScreen.storyboard;
			sourceTree = "<group>";
		};
/* End PBXVariantGroup section */

/* Begin XCBuildConfiguration section */
		A32A9FBB2A03CC0B00D89FB3 /* Debug */ = {
			isa = XCBuildConfiguration;
			buildSettings = {
				ALWAYS_SEARCH_USER_PATHS = NO;
				CLANG_ANALYZER_NONNULL = YES;
				CLANG_ANALYZER_NUMBER_OBJECT_CONVERSION = YES_AGGRESSIVE;
				CLANG_CXX_LANGUAGE_STANDARD = "gnu++14";
				CLANG_CXX_LIBRARY = "libc++";
				CLANG_ENABLE_MODULES = YES;
				CLANG_ENABLE_OBJC_ARC = YES;
				CLANG_ENABLE_OBJC_WEAK = YES;
				CLANG_WARN_BLOCK_CAPTURE_AUTORELEASING = YES;
				CLANG_WARN_BOOL_CONVERSION = YES;
				CLANG_WARN_COMMA = YES;
				CLANG_WARN_CONSTANT_CONVERSION = YES;
				CLANG_WARN_DEPRECATED_OBJC_IMPLEMENTATIONS = YES;
				CLANG_WARN_DIRECT_OBJC_ISA_USAGE = YES_ERROR;
				CLANG_WARN_DOCUMENTATION_COMMENTS = YES;
				CLANG_WARN_EMPTY_BODY = YES;
				CLANG_WARN_ENUM_CONVERSION = YES;
				CLANG_WARN_INFINITE_RECURSION = YES;
				CLANG_WARN_INT_CONVERSION = YES;
				CLANG_WARN_NON_LITERAL_NULL_CONVERSION = YES;
				CLANG_WARN_OBJC_IMPLICIT_RETAIN_SELF = YES;
				CLANG_WARN_OBJC_LITERAL_CONVERSION = YES;
				CLANG_WARN_OBJC_ROOT_CLASS = YES_ERROR;
				CLANG_WARN_QUOTED_INCLUDE_IN_FRAMEWORK_HEADER = YES;
				CLANG_WARN_RANGE_LOOP_ANALYSIS = YES;
				CLANG_WARN_STRICT_PROTOTYPES = YES;
				CLANG_WARN_SUSPICIOUS_MOVE = YES;
				CLANG_WARN_UNGUARDED_AVAILABILITY = YES_AGGRESSIVE;
				CLANG_WARN_UNREACHABLE_CODE = YES;
				CLANG_WARN__DUPLICATE_METHOD_MATCH = YES;
				COPY_PHASE_STRIP = NO;
				DEBUG_INFORMATION_FORMAT = dwarf;
				ENABLE_STRICT_OBJC_MSGSEND = YES;
				ENABLE_TESTABILITY = YES;
				GCC_C_LANGUAGE_STANDARD = gnu11;
				GCC_DYNAMIC_NO_PIC = NO;
				GCC_NO_COMMON_BLOCKS = YES;
				GCC_OPTIMIZATION_LEVEL = 0;
				GCC_PREPROCESSOR_DEFINITIONS = (
					"DEBUG=1",
					"$(inherited)",
				);
				GCC_WARN_64_TO_32_BIT_CONVERSION = YES;
				GCC_WARN_ABOUT_RETURN_TYPE = YES_ERROR;
				GCC_WARN_UNDECLARED_SELECTOR = YES;
				GCC_WARN_UNINITIALIZED_AUTOS = YES_AGGRESSIVE;
				GCC_WARN_UNUSED_FUNCTION = YES;
				GCC_WARN_UNUSED_VARIABLE = YES;
				IPHONEOS_DEPLOYMENT_TARGET = 14.5;
				MTL_ENABLE_DEBUG_INFO = INCLUDE_SOURCE;
				MTL_FAST_MATH = YES;
				ONLY_ACTIVE_ARCH = YES;
				SDKROOT = iphoneos;
				SWIFT_ACTIVE_COMPILATION_CONDITIONS = DEBUG;
				SWIFT_OPTIMIZATION_LEVEL = "-Onone";
			};
			name = Debug;
		};
		A32A9FBC2A03CC0B00D89FB3 /* Release */ = {
			isa = XCBuildConfiguration;
			buildSettings = {
				ALWAYS_SEARCH_USER_PATHS = NO;
				CLANG_ANALYZER_NONNULL = YES;
				CLANG_ANALYZER_NUMBER_OBJECT_CONVERSION = YES_AGGRESSIVE;
				CLANG_CXX_LANGUAGE_STANDARD = "gnu++14";
				CLANG_CXX_LIBRARY = "libc++";
				CLANG_ENABLE_MODULES = YES;
				CLANG_ENABLE_OBJC_ARC = YES;
				CLANG_ENABLE_OBJC_WEAK = YES;
				CLANG_WARN_BLOCK_CAPTURE_AUTORELEASING = YES;
				CLANG_WARN_BOOL_CONVERSION = YES;
				CLANG_WARN_COMMA = YES;
				CLANG_WARN_CONSTANT_CONVERSION = YES;
				CLANG_WARN_DEPRECATED_OBJC_IMPLEMENTATIONS = YES;
				CLANG_WARN_DIRECT_OBJC_ISA_USAGE = YES_ERROR;
				CLANG_WARN_DOCUMENTATION_COMMENTS = YES;
				CLANG_WARN_EMPTY_BODY = YES;
				CLANG_WARN_ENUM_CONVERSION = YES;
				CLANG_WARN_INFINITE_RECURSION = YES;
				CLANG_WARN_INT_CONVERSION = YES;
				CLANG_WARN_NON_LITERAL_NULL_CONVERSION = YES;
				CLANG_WARN_OBJC_IMPLICIT_RETAIN_SELF = YES;
				CLANG_WARN_OBJC_LITERAL_CONVERSION = YES;
				CLANG_WARN_OBJC_ROOT_CLASS = YES_ERROR;
				CLANG_WARN_QUOTED_INCLUDE_IN_FRAMEWORK_HEADER = YES;
				CLANG_WARN_RANGE_LOOP_ANALYSIS = YES;
				CLANG_WARN_STRICT_PROTOTYPES = YES;
				CLANG_WARN_SUSPICIOUS_MOVE = YES;
				CLANG_WARN_UNGUARDED_AVAILABILITY = YES_AGGRESSIVE;
				CLANG_WARN_UNREACHABLE_CODE = YES;
				CLANG_WARN__DUPLICATE_METHOD_MATCH = YES;
				COPY_PHASE_STRIP = NO;
				DEBUG_INFORMATION_FORMAT = "dwarf-with-dsym";
				ENABLE_NS_ASSERTIONS = NO;
				ENABLE_STRICT_OBJC_MSGSEND = YES;
				GCC_C_LANGUAGE_STANDARD = gnu11;
				GCC_NO_COMMON_BLOCKS = YES;
				GCC_WARN_64_TO_32_BIT_CONVERSION = YES;
				GCC_WARN_ABOUT_RETURN_TYPE = YES_ERROR;
				GCC_WARN_UNDECLARED_SELECTOR = YES;
				GCC_WARN_UNINITIALIZED_AUTOS = YES_AGGRESSIVE;
				GCC_WARN_UNUSED_FUNCTION = YES;
				GCC_WARN_UNUSED_VARIABLE = YES;
				IPHONEOS_DEPLOYMENT_TARGET = 14.5;
				MTL_ENABLE_DEBUG_INFO = NO;
				MTL_FAST_MATH = YES;
				SDKROOT = iphoneos;
				SWIFT_COMPILATION_MODE = wholemodule;
				SWIFT_OPTIMIZATION_LEVEL = "-O";
				VALIDATE_PRODUCT = YES;
			};
			name = Release;
		};
		A32A9FBE2A03CC0B00D89FB3 /* Debug */ = {
			isa = XCBuildConfiguration;
			buildSettings = {
				ASSETCATALOG_COMPILER_APPICON_NAME = AppIcon;
				ASSETCATALOG_COMPILER_GLOBAL_ACCENT_COLOR_NAME = AccentColor;
				CODE_SIGN_STYLE = Automatic;
				INFOPLIST_FILE = "Essential-Fitness/Info.plist";
				LD_RUNPATH_SEARCH_PATHS = (
					"$(inherited)",
					"@executable_path/Frameworks",
				);
				PRODUCT_BUNDLE_IDENTIFIER = "com.heshan.Essential-Fitness";
				PRODUCT_NAME = "$(TARGET_NAME)";
				SWIFT_VERSION = 5.0;
				TARGETED_DEVICE_FAMILY = 1;
			};
			name = Debug;
		};
		A32A9FBF2A03CC0B00D89FB3 /* Release */ = {
			isa = XCBuildConfiguration;
			buildSettings = {
				ASSETCATALOG_COMPILER_APPICON_NAME = AppIcon;
				ASSETCATALOG_COMPILER_GLOBAL_ACCENT_COLOR_NAME = AccentColor;
				CODE_SIGN_STYLE = Automatic;
				INFOPLIST_FILE = "Essential-Fitness/Info.plist";
				LD_RUNPATH_SEARCH_PATHS = (
					"$(inherited)",
					"@executable_path/Frameworks",
				);
				PRODUCT_BUNDLE_IDENTIFIER = "com.heshan.Essential-Fitness";
				PRODUCT_NAME = "$(TARGET_NAME)";
				SWIFT_VERSION = 5.0;
				TARGETED_DEVICE_FAMILY = 1;
			};
			name = Release;
		};
		A32A9FC12A03CC0B00D89FB3 /* Debug */ = {
			isa = XCBuildConfiguration;
			buildSettings = {
				ALWAYS_EMBED_SWIFT_STANDARD_LIBRARIES = YES;
				BUNDLE_LOADER = "$(TEST_HOST)";
				CODE_SIGN_STYLE = Automatic;
				INFOPLIST_FILE = "Essential-FitnessTests/Info.plist";
				IPHONEOS_DEPLOYMENT_TARGET = 14.5;
				LD_RUNPATH_SEARCH_PATHS = (
					"$(inherited)",
					"@executable_path/Frameworks",
					"@loader_path/Frameworks",
				);
				PRODUCT_BUNDLE_IDENTIFIER = "com.heshan.Essential-FitnessTests";
				PRODUCT_NAME = "$(TARGET_NAME)";
				SWIFT_VERSION = 5.0;
				TARGETED_DEVICE_FAMILY = "1,2";
				TEST_HOST = "$(BUILT_PRODUCTS_DIR)/Essential-Fitness.app/Essential-Fitness";
			};
			name = Debug;
		};
		A32A9FC22A03CC0B00D89FB3 /* Release */ = {
			isa = XCBuildConfiguration;
			buildSettings = {
				ALWAYS_EMBED_SWIFT_STANDARD_LIBRARIES = YES;
				BUNDLE_LOADER = "$(TEST_HOST)";
				CODE_SIGN_STYLE = Automatic;
				INFOPLIST_FILE = "Essential-FitnessTests/Info.plist";
				IPHONEOS_DEPLOYMENT_TARGET = 14.5;
				LD_RUNPATH_SEARCH_PATHS = (
					"$(inherited)",
					"@executable_path/Frameworks",
					"@loader_path/Frameworks",
				);
				PRODUCT_BUNDLE_IDENTIFIER = "com.heshan.Essential-FitnessTests";
				PRODUCT_NAME = "$(TARGET_NAME)";
				SWIFT_VERSION = 5.0;
				TARGETED_DEVICE_FAMILY = "1,2";
				TEST_HOST = "$(BUILT_PRODUCTS_DIR)/Essential-Fitness.app/Essential-Fitness";
			};
			name = Release;
		};
		A32A9FC42A03CC0B00D89FB3 /* Debug */ = {
			isa = XCBuildConfiguration;
			buildSettings = {
				ALWAYS_EMBED_SWIFT_STANDARD_LIBRARIES = YES;
				CODE_SIGN_STYLE = Automatic;
				INFOPLIST_FILE = "Essential-FitnessUITests/Info.plist";
				LD_RUNPATH_SEARCH_PATHS = (
					"$(inherited)",
					"@executable_path/Frameworks",
					"@loader_path/Frameworks",
				);
				PRODUCT_BUNDLE_IDENTIFIER = "com.heshan.Essential-FitnessUITests";
				PRODUCT_NAME = "$(TARGET_NAME)";
				SWIFT_VERSION = 5.0;
				TARGETED_DEVICE_FAMILY = "1,2";
				TEST_TARGET_NAME = "Essential-Fitness";
			};
			name = Debug;
		};
		A32A9FC52A03CC0B00D89FB3 /* Release */ = {
			isa = XCBuildConfiguration;
			buildSettings = {
				ALWAYS_EMBED_SWIFT_STANDARD_LIBRARIES = YES;
				CODE_SIGN_STYLE = Automatic;
				INFOPLIST_FILE = "Essential-FitnessUITests/Info.plist";
				LD_RUNPATH_SEARCH_PATHS = (
					"$(inherited)",
					"@executable_path/Frameworks",
					"@loader_path/Frameworks",
				);
				PRODUCT_BUNDLE_IDENTIFIER = "com.heshan.Essential-FitnessUITests";
				PRODUCT_NAME = "$(TARGET_NAME)";
				SWIFT_VERSION = 5.0;
				TARGETED_DEVICE_FAMILY = "1,2";
				TEST_TARGET_NAME = "Essential-Fitness";
			};
			name = Release;
		};
/* End XCBuildConfiguration section */

/* Begin XCConfigurationList section */
		A32A9F8B2A03CC0700D89FB3 /* Build configuration list for PBXProject "Essential-Fitness" */ = {
			isa = XCConfigurationList;
			buildConfigurations = (
				A32A9FBB2A03CC0B00D89FB3 /* Debug */,
				A32A9FBC2A03CC0B00D89FB3 /* Release */,
			);
			defaultConfigurationIsVisible = 0;
			defaultConfigurationName = Release;
		};
		A32A9FBD2A03CC0B00D89FB3 /* Build configuration list for PBXNativeTarget "Essential-Fitness" */ = {
			isa = XCConfigurationList;
			buildConfigurations = (
				A32A9FBE2A03CC0B00D89FB3 /* Debug */,
				A32A9FBF2A03CC0B00D89FB3 /* Release */,
			);
			defaultConfigurationIsVisible = 0;
			defaultConfigurationName = Release;
		};
		A32A9FC02A03CC0B00D89FB3 /* Build configuration list for PBXNativeTarget "Essential-FitnessTests" */ = {
			isa = XCConfigurationList;
			buildConfigurations = (
				A32A9FC12A03CC0B00D89FB3 /* Debug */,
				A32A9FC22A03CC0B00D89FB3 /* Release */,
			);
			defaultConfigurationIsVisible = 0;
			defaultConfigurationName = Release;
		};
		A32A9FC32A03CC0B00D89FB3 /* Build configuration list for PBXNativeTarget "Essential-FitnessUITests" */ = {
			isa = XCConfigurationList;
			buildConfigurations = (
				A32A9FC42A03CC0B00D89FB3 /* Debug */,
				A32A9FC52A03CC0B00D89FB3 /* Release */,
			);
			defaultConfigurationIsVisible = 0;
			defaultConfigurationName = Release;
		};
/* End XCConfigurationList section */

/* Begin XCRemoteSwiftPackageReference section */
		A331EB9D2A0622D70023BCD3 /* XCRemoteSwiftPackageReference "firebase-ios-sdk" */ = {
			isa = XCRemoteSwiftPackageReference;
			repositoryURL = "https://github.com/firebase/firebase-ios-sdk";
			requirement = {
				kind = exactVersion;
				version = 8.15.0;
			};
		};
/* End XCRemoteSwiftPackageReference section */

/* Begin XCSwiftPackageProductDependency section */
		A331EB9E2A0622D70023BCD3 /* FirebaseAuth */ = {
			isa = XCSwiftPackageProductDependency;
			package = A331EB9D2A0622D70023BCD3 /* XCRemoteSwiftPackageReference "firebase-ios-sdk" */;
			productName = FirebaseAuth;
		};
		A331EBA02A0622D70023BCD3 /* FirebaseFirestore */ = {
			isa = XCSwiftPackageProductDependency;
			package = A331EB9D2A0622D70023BCD3 /* XCRemoteSwiftPackageReference "firebase-ios-sdk" */;
			productName = FirebaseFirestore;
		};
		A331EBA22A0622D70023BCD3 /* FirebaseStorage */ = {
			isa = XCSwiftPackageProductDependency;
			package = A331EB9D2A0622D70023BCD3 /* XCRemoteSwiftPackageReference "firebase-ios-sdk" */;
			productName = FirebaseStorage;
		};
/* End XCSwiftPackageProductDependency section */

/* Begin XCVersionGroup section */
		A32A9F9C2A03CC0700D89FB3 /* Essential_Fitness.xcdatamodeld */ = {
			isa = XCVersionGroup;
			children = (
				A32A9F9D2A03CC0700D89FB3 /* Essential_Fitness.xcdatamodel */,
			);
			currentVersion = A32A9F9D2A03CC0700D89FB3 /* Essential_Fitness.xcdatamodel */;
			path = Essential_Fitness.xcdatamodeld;
			sourceTree = "<group>";
			versionGroupType = wrapper.xcdatamodel;
		};
/* End XCVersionGroup section */
	};
	rootObject = A32A9F882A03CC0700D89FB3 /* Project object */;
}
